
Microsoft Visual Studio Solution File, Format Version 12.00
# Visual Studio Version 17
VisualStudioVersion = 17.11.35219.272
MinimumVisualStudioVersion = 10.0.40219.1
Project("{9A19103F-16F7-4668-BE54-9A1E7A4F7556}") = "Eb3yrLib", "Eb3yrLib\Eb3yrLib.csproj", "{CEBA3B65-E027-43C5-88F2-8977C69A5862}"
EndProject
Project("{9A19103F-16F7-4668-BE54-9A1E7A4F7556}") = "Playground", "Playground\Playground.csproj", "{20A7751F-6D73-4879-B68D-90EC6A33D832}"
EndProject
Project("{9A19103F-16F7-4668-BE54-9A1E7A4F7556}") = "BenchmarkProj", "BenchmarkProj\BenchmarkProj.csproj", "{5B5F6A91-F305-49D0-88BC-36CA1903A9C0}"
EndProject
Global
	GlobalSection(SolutionConfigurationPlatforms) = preSolution
		Debug|Any CPU = Debug|Any CPU
		Release|Any CPU = Release|Any CPU
	EndGlobalSection
	GlobalSection(ProjectConfigurationPlatforms) = postSolution
		{CEBA3B65-E027-43C5-88F2-8977C69A5862}.Debug|Any CPU.ActiveCfg = Debug|Any CPU
		{CEBA3B65-E027-43C5-88F2-8977C69A5862}.Debug|Any CPU.Build.0 = Debug|Any CPU
		{CEBA3B65-E027-43C5-88F2-8977C69A5862}.Release|Any CPU.ActiveCfg = Release|Any CPU
		{CEBA3B65-E027-43C5-88F2-8977C69A5862}.Release|Any CPU.Build.0 = Release|Any CPU
		{20A7751F-6D73-4879-B68D-90EC6A33D832}.Debug|Any CPU.ActiveCfg = Debug|Any CPU
		{20A7751F-6D73-4879-B68D-90EC6A33D832}.Debug|Any CPU.Build.0 = Debug|Any CPU
		{20A7751F-6D73-4879-B68D-90EC6A33D832}.Release|Any CPU.ActiveCfg = Release|Any CPU
		{20A7751F-6D73-4879-B68D-90EC6A33D832}.Release|Any CPU.Build.0 = Release|Any CPU
		{5B5F6A91-F305-49D0-88BC-36CA1903A9C0}.Debug|Any CPU.ActiveCfg = Debug|Any CPU
		{5B5F6A91-F305-49D0-88BC-36CA1903A9C0}.Debug|Any CPU.Build.0 = Debug|Any CPU
		{5B5F6A91-F305-49D0-88BC-36CA1903A9C0}.Release|Any CPU.ActiveCfg = Release|Any CPU
		{5B5F6A91-F305-49D0-88BC-36CA1903A9C0}.Release|Any CPU.Build.0 = Release|Any CPU
	EndGlobalSection
	GlobalSection(SolutionProperties) = preSolution
		HideSolutionNode = FALSE
	EndGlobalSection
	GlobalSection(ExtensibilityGlobals) = postSolution
		SolutionGuid = {723D9672-0EB9-4991-BE61-DEC463C4FE4E}
	EndGlobalSection
EndGlobal
